<?xml version="1.0" encoding="UTF-8" standalone="yes" ?>
<CodeBlocks_project_file>
	<FileVersion major="1" minor="6" />
	<Project>
		<Option title="Rule" />
		<Option pch_mode="2" />
		<Option compiler="gcc" />
		<Build>
			<Target title="Debug">
				<Option output="bin/Rule" prefix_auto="1" extension_auto="1" />
				<Option object_output="bin/obj/" />
				<Option type="1" />
				<Option compiler="gcc" />
				<Compiler>
					<Add option="-g" />
					<Add directory="lib/Irrlicht" />
					<Add directory="hpp" />
				</Compiler>
				<Linker>
					<Add library="bin/Irrlicht.dll" />
				</Linker>
			</Target>
			<Target title="Release">
				<Option output="bin/release/Rule" prefix_auto="1" extension_auto="1" />
				<Option object_output="bin/release/obj/" />
				<Option type="1" />
				<Option compiler="gcc" />
				<Compiler>
					<Add option="-O2" />
				</Compiler>
				<Linker>
					<Add option="-s" />
				</Linker>
			</Target>
		</Build>
		<Compiler>
			<Add option="-Wall" />
		</Compiler>
		<Unit filename="hpp/Config.hpp" />
		<Unit filename="hpp/Utils.hpp" />
		<Unit filename="src/Config.cpp" />
		<Unit filename="src/Global.cpp" />
		<Unit filename="src/Main.cpp" />
		<Unit filename="src/Utils.cpp" />
		<Extensions>
			<code_completion />
			<envvars />
			<debugger />
			<lib_finder disable_auto="1" />
		</Extensions>
	</Project>
</CodeBlocks_project_file>
