<?xml version="1.0" encoding="UTF-8" standalone="yes" ?>
<CodeBlocks_project_file>
	<FileVersion major="1" minor="6" />
	<Project>
		<Option title="Rule" />
		<Option pch_mode="2" />
		<Option compiler="gcc" />
		<Build>
			<Target title="Debug">
				<Option output="bin/Rule" prefix_auto="1" extension_auto="1" />
				<Option object_output="bin/obj/" />
				<Option type="1" />
				<Option compiler="gcc" />
				<Compiler>
					<Add option="-g" />
					<Add directory="lib/Irrlicht" />
					<Add directory="hpp" />
					<Add directory="hpp/screens" />
				</Compiler>
				<Linker>
					<Add library="bin/Irrlicht.dll" />
				</Linker>
			</Target>
			<Target title="Release">
				<Option output="bin/release/Rule" prefix_auto="1" extension_auto="1" />
				<Option object_output="bin/release/obj/" />
				<Option type="1" />
				<Option compiler="gcc" />
				<Compiler>
					<Add option="-O2" />
					<Add directory="hpp" />
					<Add directory="hpp/screens" />
				</Compiler>
				<Linker>
					<Add option="-s" />
				</Linker>
			</Target>
		</Build>
		<Compiler>
			<Add option="-Wall" />
		</Compiler>
		<Unit filename="hpp/config.hpp" />
		<Unit filename="hpp/event_receiver.hpp" />
		<Unit filename="hpp/screen.hpp" />
		<Unit filename="hpp/screens/game_screen.hpp" />
		<Unit filename="hpp/screens/main_menu_screen.hpp" />
		<Unit filename="hpp/screens/settings_screen.hpp" />
		<Unit filename="hpp/utils.hpp" />
		<Unit filename="src/config.cpp" />
		<Unit filename="src/global.cpp" />
		<Unit filename="src/main.cpp" />
		<Unit filename="src/screens/game_screen.cpp" />
		<Unit filename="src/screens/main_menu_screen.cpp" />
		<Unit filename="src/screens/settings_screen.cpp" />
		<Unit filename="src/utils.cpp" />
		<Extensions>
			<code_completion />
			<envvars />
			<debugger />
			<lib_finder disable_auto="1" />
		</Extensions>
	</Project>
</CodeBlocks_project_file>
